
Microsoft Visual Studio Solution File, Format Version 12.00
# Visual Studio Version 16
VisualStudioVersion = 16.0.31911.196
MinimumVisualStudioVersion = 10.0.40219.1
Project("{FAE04EC0-301F-11D3-BF4B-00C04F79EFBC}") = "2.3", "2.3\2.3.csproj", "{7420E604-AC77-47A7-A5DF-19D008ABDFA4}"
EndProject
Global
	GlobalSection(SolutionConfigurationPlatforms) = preSolution
		Debug|Any CPU = Debug|Any CPU
		Release|Any CPU = Release|Any CPU
	EndGlobalSection
	GlobalSection(ProjectConfigurationPlatforms) = postSolution
		{7420E604-AC77-47A7-A5DF-19D008ABDFA4}.Debug|Any CPU.ActiveCfg = Debug|Any CPU
		{7420E604-AC77-47A7-A5DF-19D008ABDFA4}.Debug|Any CPU.Build.0 = Debug|Any CPU
		{7420E604-AC77-47A7-A5DF-19D008ABDFA4}.Release|Any CPU.ActiveCfg = Release|Any CPU
		{7420E604-AC77-47A7-A5DF-19D008ABDFA4}.Release|Any CPU.Build.0 = Release|Any CPU
	EndGlobalSection
	GlobalSection(SolutionProperties) = preSolution
		HideSolutionNode = FALSE
	EndGlobalSection
	GlobalSection(ExtensibilityGlobals) = postSolution
		SolutionGuid = {56A699FF-585B-404D-985C-BDA19AD62472}
	EndGlobalSection
EndGlobal
